
Microsoft Visual Studio Solution File, Format Version 12.00
# Visual Studio 15
VisualStudioVersion = 15.0.27130.2027
MinimumVisualStudioVersion = 10.0.40219.1
Project("{FAE04EC0-301F-11D3-BF4B-00C04F79EFBC}") = "PS Parallel Execution Helper", "PS Parallel Execution Helper\PS Parallel Execution Helper.csproj", "{282EF353-55A6-413E-AD6B-772FDD2D2C66}"
EndProject
Global
	GlobalSection(SolutionConfigurationPlatforms) = preSolution
		Debug|Any CPU = Debug|Any CPU
		Release|Any CPU = Release|Any CPU
	EndGlobalSection
	GlobalSection(ProjectConfigurationPlatforms) = postSolution
		{282EF353-55A6-413E-AD6B-772FDD2D2C66}.Debug|Any CPU.ActiveCfg = Debug|Any CPU
		{282EF353-55A6-413E-AD6B-772FDD2D2C66}.Debug|Any CPU.Build.0 = Debug|Any CPU
		{282EF353-55A6-413E-AD6B-772FDD2D2C66}.Release|Any CPU.ActiveCfg = Release|Any CPU
		{282EF353-55A6-413E-AD6B-772FDD2D2C66}.Release|Any CPU.Build.0 = Release|Any CPU
	EndGlobalSection
	GlobalSection(SolutionProperties) = preSolution
		HideSolutionNode = FALSE
	EndGlobalSection
	GlobalSection(ExtensibilityGlobals) = postSolution
		SolutionGuid = {185F654A-3458-4D4A-81EF-80BA5E8AAC71}
	EndGlobalSection
EndGlobal
